{
  "name": "@dirtroad/skale",
  "version": "0.1.0",
  "lockfileVersion": 2,
  "requires": true,
  "packages": {
    "": {
      "name": "@dirtroad/skale",
      "version": "0.1.0",
      "license": "MIT",
      "dependencies": {
        "@dirtroad/skale-constants": "../constants"
      }
    },
    "../constants": {
      "version": "0.1.0",
      "license": "MIT"
    },
    "node_modules/@dirtroad/skale-constants": {
      "resolved": "../constants",
      "link": true
    }
  },
  "dependencies": {
    "@dirtroad/skale-constants": {
      "version": "file:../constants"
    }
  }
}
